{
  "name": "@d3/world-map-svg",
  "version": "67.0.0",
  "lockfileVersion": 3,
  "requires": true,
  "packages": {
    "": {
      "name": "@d3/world-map-svg",
      "version": "67.0.0",
      "peerDependencies": {
        "@observablehq/runtime": "4 - 5"
      }
    },
    "node_modules/@observablehq/inspector": {
      "version": "5.0.0",
      "resolved": "https://registry.npmjs.org/@observablehq/inspector/-/inspector-5.0.0.tgz",
      "integrity": "sha512-Vvg/TQdsZTUaeYbH0IKxYEz37FbRO6kdowoz2PrHLQif54NC1CjEihEjg+ZMSBn587GQxTFABu0CGkFZgtR1UQ==",
      "peer": true,
      "dependencies": {
        "isoformat": "^0.2.0"
      }
    },
    "node_modules/@observablehq/inspector/node_modules/isoformat": {
      "version": "0.2.1",
      "resolved": "https://registry.npmjs.org/isoformat/-/isoformat-0.2.1.tgz",
      "integrity": "sha512-tFLRAygk9NqrRPhJSnNGh7g7oaVWDwR0wKh/GM2LgmPa50Eg4UfyaCO4I8k6EqJHl1/uh2RAD6g06n5ygEnrjQ==",
      "peer": true
    },
    "node_modules/@observablehq/runtime": {
      "version": "5.7.2",
      "resolved": "https://registry.npmjs.org/@observablehq/runtime/-/runtime-5.7.2.tgz",
      "integrity": "sha512-YGWX1nD4H9ShITKUJBWUITtkENbW8w8xgi7ZMm9mfZm6acyfznJTcxBJPUo7d+JjV+HjqizAHY0erg+Ze+mCiQ==",
      "peer": true,
      "dependencies": {
        "@observablehq/inspector": "^5.0.0",
        "@observablehq/stdlib": "^5.0.0"
      }
    },
    "node_modules/@observablehq/stdlib": {
      "version": "5.7.2",
      "resolved": "https://registry.npmjs.org/@observablehq/stdlib/-/stdlib-5.7.2.tgz",
      "integrity": "sha512-ILSqa/ajQuujhyghtfjVwFEkoKkQka6o7HI3iSAM1M86HavsVlUQ3Chgor6cJhUL0bsW+Z36rSJQ1v9qoXvmHg==",
      "peer": true,
      "dependencies": {
        "d3-array": "^3.2.0",
        "d3-dsv": "^3.0.1",
        "d3-require": "^1.3.0"
      },
      "engines": {
        "node": ">=14.5.0"
      }
    },
    "node_modules/@observablehq/stdlib/node_modules/commander": {
      "version": "7.2.0",
      "resolved": "https://registry.npmjs.org/commander/-/commander-7.2.0.tgz",
      "integrity": "sha512-QrWXB+ZQSVPmIWIhtEO9H+gwHaMGYiF5ChvoJ+K9ZGHG/sVsa6yiesAD1GC/x46sET00Xlwo1u49RVVVzvcSkw==",
      "peer": true,
      "engines": {
        "node": ">= 10"
      }
    },
    "node_modules/@observablehq/stdlib/node_modules/d3-array": {
      "version": "3.2.3",
      "resolved": "https://registry.npmjs.org/d3-array/-/d3-array-3.2.3.tgz",
      "integrity": "sha512-JRHwbQQ84XuAESWhvIPaUV4/1UYTBOLiOPGWqgFDHZS1D5QN9c57FbH3QpEnQMYiOXNzKUQyGTZf+EVO7RT5TQ==",
      "peer": true,
      "dependencies": {
        "internmap": "1 - 2"
      },
      "engines": {
        "node": ">=12"
      }
    },
    "node_modules/@observablehq/stdlib/node_modules/d3-dsv": {
      "version": "3.0.1",
      "resolved": "https://registry.npmjs.org/d3-dsv/-/d3-dsv-3.0.1.tgz",
      "integrity": "sha512-UG6OvdI5afDIFP9w4G0mNq50dSOsXHJaRE8arAS5o9ApWnIElp8GZw1Dun8vP8OyHOZ/QJUKUJwxiiCCnUwm+Q==",
      "peer": true,
      "dependencies": {
        "commander": "7",
        "iconv-lite": "0.6",
        "rw": "1"
      },
      "bin": {
        "csv2json": "bin/dsv2json.js",
        "csv2tsv": "bin/dsv2dsv.js",
        "dsv2dsv": "bin/dsv2dsv.js",
        "dsv2json": "bin/dsv2json.js",
        "json2csv": "bin/json2dsv.js",
        "json2dsv": "bin/json2dsv.js",
        "json2tsv": "bin/json2dsv.js",
        "tsv2csv": "bin/dsv2dsv.js",
        "tsv2json": "bin/dsv2json.js"
      },
      "engines": {
        "node": ">=12"
      }
    },
    "node_modules/@observablehq/stdlib/node_modules/d3-require": {
      "version": "1.3.0",
      "resolved": "https://registry.npmjs.org/d3-require/-/d3-require-1.3.0.tgz",
      "integrity": "sha512-XaNc2azaAwXhGjmCMtxlD+AowpMfLimVsAoTMpqrvb8CWoA4QqyV12mc4Ue6KSoDvfuS831tsumfhDYxGd4FGA==",
      "peer": true
    },
    "node_modules/@observablehq/stdlib/node_modules/iconv-lite": {
      "version": "0.6.3",
      "resolved": "https://registry.npmjs.org/iconv-lite/-/iconv-lite-0.6.3.tgz",
      "integrity": "sha512-4fCk79wshMdzMp2rH06qWrJE4iolqLhCUH+OiuIgU++RB0+94NlDL81atO7GX55uUKueo0txHNtvEyI6D7WdMw==",
      "peer": true,
      "dependencies": {
        "safer-buffer": ">= 2.1.2 < 3.0.0"
      },
      "engines": {
        "node": ">=0.10.0"
      }
    },
    "node_modules/internmap": {
      "version": "2.0.3",
      "license": "ISC",
      "peer": true,
      "engines": {
        "node": ">=12"
      }
    },
    "node_modules/rw": {
      "version": "1.3.3",
      "license": "BSD-3-Clause",
      "peer": true
    },
    "node_modules/safer-buffer": {
      "version": "2.1.2",
      "license": "MIT",
      "peer": true
    }
  }
}
